
Microsoft Visual Studio Solution File, Format Version 12.00
# Visual Studio 14
VisualStudioVersion = 14.0.25420.1
MinimumVisualStudioVersion = 10.0.40219.1
Project("{8BC9CEB8-8B4A-11D0-8D11-00A0C91BC942}") = "MessageFromCPP", "MessageFromCPP\MessageFromCPP.vcxproj", "{0115ACF1-E973-4FB6-8885-6CBD0B9FEDD2}"
EndProject
Project("{F184B08F-C81C-45F6-A57F-5ABD9991F28F}") = "MessageFromVB", "MessageFromVB\MessageFromVB.vbproj", "{6FBDCF84-6FBE-4F0C-AA46-9249D11ABD72}"
EndProject
Project("{FAE04EC0-301F-11D3-BF4B-00C04F79EFBC}") = "MessageFromCSharp", "MessageFromCSharp\MessageFromCSharp.csproj", "{92CC642F-F337-4B02-9638-AFAB003B888F}"
EndProject
Project("{2150E333-8FDC-42A3-9474-1A3956D46DE8}") = "Sum_project", "Sum_project", "{E43D657D-9CD9-4995-8DC9-9D584BB33A52}"
EndProject
Project("{FAE04EC0-301F-11D3-BF4B-00C04F79EFBC}") = "FisrtDigit", "FisrtDigit\FisrtDigit.csproj", "{0F8B61EB-FD0D-4B83-AD28-F0CADB791B08}"
EndProject
Project("{8BC9CEB8-8B4A-11D0-8D11-00A0C91BC942}") = "SecondDigit", "SecondDigit\SecondDigit.vcxproj", "{5E86EBA1-F9F6-4AE9-800F-D0B4819FB89F}"
EndProject
Project("{F184B08F-C81C-45F6-A57F-5ABD9991F28F}") = "ThirdDigit", "ThirdDigit\ThirdDigit.vbproj", "{EE989503-DC2A-484E-BC52-AFA114B6E93D}"
EndProject
Project("{F184B08F-C81C-45F6-A57F-5ABD9991F28F}") = "Result", "Result\Result.vbproj", "{1717E60A-62EA-4A94-A49C-EB18198A28B2}"
EndProject
Global
	GlobalSection(SolutionConfigurationPlatforms) = preSolution
		Debug|Any CPU = Debug|Any CPU
		Debug|x64 = Debug|x64
		Debug|x86 = Debug|x86
		Release|Any CPU = Release|Any CPU
		Release|x64 = Release|x64
		Release|x86 = Release|x86
	EndGlobalSection
	GlobalSection(ProjectConfigurationPlatforms) = postSolution
		{0115ACF1-E973-4FB6-8885-6CBD0B9FEDD2}.Debug|Any CPU.ActiveCfg = Debug|Win32
		{0115ACF1-E973-4FB6-8885-6CBD0B9FEDD2}.Debug|x64.ActiveCfg = Debug|x64
		{0115ACF1-E973-4FB6-8885-6CBD0B9FEDD2}.Debug|x64.Build.0 = Debug|x64
		{0115ACF1-E973-4FB6-8885-6CBD0B9FEDD2}.Debug|x86.ActiveCfg = Debug|Win32
		{0115ACF1-E973-4FB6-8885-6CBD0B9FEDD2}.Debug|x86.Build.0 = Debug|Win32
		{0115ACF1-E973-4FB6-8885-6CBD0B9FEDD2}.Release|Any CPU.ActiveCfg = Release|Win32
		{0115ACF1-E973-4FB6-8885-6CBD0B9FEDD2}.Release|x64.ActiveCfg = Release|x64
		{0115ACF1-E973-4FB6-8885-6CBD0B9FEDD2}.Release|x64.Build.0 = Release|x64
		{0115ACF1-E973-4FB6-8885-6CBD0B9FEDD2}.Release|x86.ActiveCfg = Release|Win32
		{0115ACF1-E973-4FB6-8885-6CBD0B9FEDD2}.Release|x86.Build.0 = Release|Win32
		{6FBDCF84-6FBE-4F0C-AA46-9249D11ABD72}.Debug|Any CPU.ActiveCfg = Debug|Any CPU
		{6FBDCF84-6FBE-4F0C-AA46-9249D11ABD72}.Debug|Any CPU.Build.0 = Debug|Any CPU
		{6FBDCF84-6FBE-4F0C-AA46-9249D11ABD72}.Debug|x64.ActiveCfg = Debug|Any CPU
		{6FBDCF84-6FBE-4F0C-AA46-9249D11ABD72}.Debug|x64.Build.0 = Debug|Any CPU
		{6FBDCF84-6FBE-4F0C-AA46-9249D11ABD72}.Debug|x86.ActiveCfg = Debug|Any CPU
		{6FBDCF84-6FBE-4F0C-AA46-9249D11ABD72}.Debug|x86.Build.0 = Debug|Any CPU
		{6FBDCF84-6FBE-4F0C-AA46-9249D11ABD72}.Release|Any CPU.ActiveCfg = Release|Any CPU
		{6FBDCF84-6FBE-4F0C-AA46-9249D11ABD72}.Release|Any CPU.Build.0 = Release|Any CPU
		{6FBDCF84-6FBE-4F0C-AA46-9249D11ABD72}.Release|x64.ActiveCfg = Release|Any CPU
		{6FBDCF84-6FBE-4F0C-AA46-9249D11ABD72}.Release|x64.Build.0 = Release|Any CPU
		{6FBDCF84-6FBE-4F0C-AA46-9249D11ABD72}.Release|x86.ActiveCfg = Release|Any CPU
		{6FBDCF84-6FBE-4F0C-AA46-9249D11ABD72}.Release|x86.Build.0 = Release|Any CPU
		{92CC642F-F337-4B02-9638-AFAB003B888F}.Debug|Any CPU.ActiveCfg = Debug|Any CPU
		{92CC642F-F337-4B02-9638-AFAB003B888F}.Debug|Any CPU.Build.0 = Debug|Any CPU
		{92CC642F-F337-4B02-9638-AFAB003B888F}.Debug|x64.ActiveCfg = Debug|Any CPU
		{92CC642F-F337-4B02-9638-AFAB003B888F}.Debug|x64.Build.0 = Debug|Any CPU
		{92CC642F-F337-4B02-9638-AFAB003B888F}.Debug|x86.ActiveCfg = Debug|Any CPU
		{92CC642F-F337-4B02-9638-AFAB003B888F}.Debug|x86.Build.0 = Debug|Any CPU
		{92CC642F-F337-4B02-9638-AFAB003B888F}.Release|Any CPU.ActiveCfg = Release|Any CPU
		{92CC642F-F337-4B02-9638-AFAB003B888F}.Release|Any CPU.Build.0 = Release|Any CPU
		{92CC642F-F337-4B02-9638-AFAB003B888F}.Release|x64.ActiveCfg = Release|Any CPU
		{92CC642F-F337-4B02-9638-AFAB003B888F}.Release|x64.Build.0 = Release|Any CPU
		{92CC642F-F337-4B02-9638-AFAB003B888F}.Release|x86.ActiveCfg = Release|Any CPU
		{92CC642F-F337-4B02-9638-AFAB003B888F}.Release|x86.Build.0 = Release|Any CPU
		{0F8B61EB-FD0D-4B83-AD28-F0CADB791B08}.Debug|Any CPU.ActiveCfg = Debug|Any CPU
		{0F8B61EB-FD0D-4B83-AD28-F0CADB791B08}.Debug|Any CPU.Build.0 = Debug|Any CPU
		{0F8B61EB-FD0D-4B83-AD28-F0CADB791B08}.Debug|x64.ActiveCfg = Debug|Any CPU
		{0F8B61EB-FD0D-4B83-AD28-F0CADB791B08}.Debug|x64.Build.0 = Debug|Any CPU
		{0F8B61EB-FD0D-4B83-AD28-F0CADB791B08}.Debug|x86.ActiveCfg = Debug|Any CPU
		{0F8B61EB-FD0D-4B83-AD28-F0CADB791B08}.Debug|x86.Build.0 = Debug|Any CPU
		{0F8B61EB-FD0D-4B83-AD28-F0CADB791B08}.Release|Any CPU.ActiveCfg = Release|Any CPU
		{0F8B61EB-FD0D-4B83-AD28-F0CADB791B08}.Release|Any CPU.Build.0 = Release|Any CPU
		{0F8B61EB-FD0D-4B83-AD28-F0CADB791B08}.Release|x64.ActiveCfg = Release|Any CPU
		{0F8B61EB-FD0D-4B83-AD28-F0CADB791B08}.Release|x64.Build.0 = Release|Any CPU
		{0F8B61EB-FD0D-4B83-AD28-F0CADB791B08}.Release|x86.ActiveCfg = Release|Any CPU
		{0F8B61EB-FD0D-4B83-AD28-F0CADB791B08}.Release|x86.Build.0 = Release|Any CPU
		{5E86EBA1-F9F6-4AE9-800F-D0B4819FB89F}.Debug|Any CPU.ActiveCfg = Debug|Win32
		{5E86EBA1-F9F6-4AE9-800F-D0B4819FB89F}.Debug|x64.ActiveCfg = Debug|x64
		{5E86EBA1-F9F6-4AE9-800F-D0B4819FB89F}.Debug|x64.Build.0 = Debug|x64
		{5E86EBA1-F9F6-4AE9-800F-D0B4819FB89F}.Debug|x86.ActiveCfg = Debug|Win32
		{5E86EBA1-F9F6-4AE9-800F-D0B4819FB89F}.Debug|x86.Build.0 = Debug|Win32
		{5E86EBA1-F9F6-4AE9-800F-D0B4819FB89F}.Release|Any CPU.ActiveCfg = Release|Win32
		{5E86EBA1-F9F6-4AE9-800F-D0B4819FB89F}.Release|x64.ActiveCfg = Release|x64
		{5E86EBA1-F9F6-4AE9-800F-D0B4819FB89F}.Release|x64.Build.0 = Release|x64
		{5E86EBA1-F9F6-4AE9-800F-D0B4819FB89F}.Release|x86.ActiveCfg = Release|Win32
		{5E86EBA1-F9F6-4AE9-800F-D0B4819FB89F}.Release|x86.Build.0 = Release|Win32
		{EE989503-DC2A-484E-BC52-AFA114B6E93D}.Debug|Any CPU.ActiveCfg = Debug|Any CPU
		{EE989503-DC2A-484E-BC52-AFA114B6E93D}.Debug|Any CPU.Build.0 = Debug|Any CPU
		{EE989503-DC2A-484E-BC52-AFA114B6E93D}.Debug|x64.ActiveCfg = Debug|Any CPU
		{EE989503-DC2A-484E-BC52-AFA114B6E93D}.Debug|x64.Build.0 = Debug|Any CPU
		{EE989503-DC2A-484E-BC52-AFA114B6E93D}.Debug|x86.ActiveCfg = Debug|Any CPU
		{EE989503-DC2A-484E-BC52-AFA114B6E93D}.Debug|x86.Build.0 = Debug|Any CPU
		{EE989503-DC2A-484E-BC52-AFA114B6E93D}.Release|Any CPU.ActiveCfg = Release|Any CPU
		{EE989503-DC2A-484E-BC52-AFA114B6E93D}.Release|Any CPU.Build.0 = Release|Any CPU
		{EE989503-DC2A-484E-BC52-AFA114B6E93D}.Release|x64.ActiveCfg = Release|Any CPU
		{EE989503-DC2A-484E-BC52-AFA114B6E93D}.Release|x64.Build.0 = Release|Any CPU
		{EE989503-DC2A-484E-BC52-AFA114B6E93D}.Release|x86.ActiveCfg = Release|Any CPU
		{EE989503-DC2A-484E-BC52-AFA114B6E93D}.Release|x86.Build.0 = Release|Any CPU
		{1717E60A-62EA-4A94-A49C-EB18198A28B2}.Debug|Any CPU.ActiveCfg = Debug|Any CPU
		{1717E60A-62EA-4A94-A49C-EB18198A28B2}.Debug|Any CPU.Build.0 = Debug|Any CPU
		{1717E60A-62EA-4A94-A49C-EB18198A28B2}.Debug|x64.ActiveCfg = Debug|Any CPU
		{1717E60A-62EA-4A94-A49C-EB18198A28B2}.Debug|x64.Build.0 = Debug|Any CPU
		{1717E60A-62EA-4A94-A49C-EB18198A28B2}.Debug|x86.ActiveCfg = Debug|Any CPU
		{1717E60A-62EA-4A94-A49C-EB18198A28B2}.Debug|x86.Build.0 = Debug|Any CPU
		{1717E60A-62EA-4A94-A49C-EB18198A28B2}.Release|Any CPU.ActiveCfg = Release|Any CPU
		{1717E60A-62EA-4A94-A49C-EB18198A28B2}.Release|Any CPU.Build.0 = Release|Any CPU
		{1717E60A-62EA-4A94-A49C-EB18198A28B2}.Release|x64.ActiveCfg = Release|Any CPU
		{1717E60A-62EA-4A94-A49C-EB18198A28B2}.Release|x64.Build.0 = Release|Any CPU
		{1717E60A-62EA-4A94-A49C-EB18198A28B2}.Release|x86.ActiveCfg = Release|Any CPU
		{1717E60A-62EA-4A94-A49C-EB18198A28B2}.Release|x86.Build.0 = Release|Any CPU
	EndGlobalSection
	GlobalSection(SolutionProperties) = preSolution
		HideSolutionNode = FALSE
	EndGlobalSection
	GlobalSection(NestedProjects) = preSolution
		{0F8B61EB-FD0D-4B83-AD28-F0CADB791B08} = {E43D657D-9CD9-4995-8DC9-9D584BB33A52}
		{5E86EBA1-F9F6-4AE9-800F-D0B4819FB89F} = {E43D657D-9CD9-4995-8DC9-9D584BB33A52}
		{EE989503-DC2A-484E-BC52-AFA114B6E93D} = {E43D657D-9CD9-4995-8DC9-9D584BB33A52}
		{1717E60A-62EA-4A94-A49C-EB18198A28B2} = {E43D657D-9CD9-4995-8DC9-9D584BB33A52}
	EndGlobalSection
EndGlobal
