
Microsoft Visual Studio Solution File, Format Version 12.00
# Visual Studio 14
VisualStudioVersion = 14.0.25420.1
MinimumVisualStudioVersion = 10.0.40219.1
Project("{FAE04EC0-301F-11D3-BF4B-00C04F79EFBC}") = "EquationManager", "EquationManager\EquationManager.csproj", "{C8D9AEFA-6982-4B43-9733-0F31C6857D25}"
EndProject
Project("{FAE04EC0-301F-11D3-BF4B-00C04F79EFBC}") = "Gauss.output", "Gauss.output\Gauss.output.csproj", "{0DD47E9C-9B2E-45AB-B9F7-8AE99B29AEC1}"
EndProject
Global
	GlobalSection(SolutionConfigurationPlatforms) = preSolution
		Debug|Any CPU = Debug|Any CPU
		Release|Any CPU = Release|Any CPU
	EndGlobalSection
	GlobalSection(ProjectConfigurationPlatforms) = postSolution
		{C8D9AEFA-6982-4B43-9733-0F31C6857D25}.Debug|Any CPU.ActiveCfg = Debug|Any CPU
		{C8D9AEFA-6982-4B43-9733-0F31C6857D25}.Debug|Any CPU.Build.0 = Debug|Any CPU
		{C8D9AEFA-6982-4B43-9733-0F31C6857D25}.Release|Any CPU.ActiveCfg = Release|Any CPU
		{C8D9AEFA-6982-4B43-9733-0F31C6857D25}.Release|Any CPU.Build.0 = Release|Any CPU
		{0DD47E9C-9B2E-45AB-B9F7-8AE99B29AEC1}.Debug|Any CPU.ActiveCfg = Debug|Any CPU
		{0DD47E9C-9B2E-45AB-B9F7-8AE99B29AEC1}.Debug|Any CPU.Build.0 = Debug|Any CPU
		{0DD47E9C-9B2E-45AB-B9F7-8AE99B29AEC1}.Release|Any CPU.ActiveCfg = Release|Any CPU
		{0DD47E9C-9B2E-45AB-B9F7-8AE99B29AEC1}.Release|Any CPU.Build.0 = Release|Any CPU
	EndGlobalSection
	GlobalSection(SolutionProperties) = preSolution
		HideSolutionNode = FALSE
	EndGlobalSection
EndGlobal
